<?xml version="1.0" encoding="utf-8"?>
<Project ToolsVersion="4.0" xmlns="http://schemas.microsoft.com/developer/msbuild/2003">
  <ItemGroup>
    <Filter Include="Source Files">
      <UniqueIdentifier>{4FC737F1-C7A5-4376-A066-2A32D752A2FF}</UniqueIdentifier>
      <Extensions>cpp;c;cc;cxx;def;odl;idl;hpj;bat;asm;asmx</Extensions>
    </Filter>
    <Filter Include="Header Files">
      <UniqueIdentifier>{93995380-89BD-4b04-88EB-625FBE52EBFB}</UniqueIdentifier>
      <Extensions>h;hh;hpp;hxx;hm;inl;inc;xsd</Extensions>
    </Filter>
    <Filter Include="Resource Files">
      <UniqueIdentifier>{67DA6AB6-F800-4c08-8B7A-83BB121AAD01}</UniqueIdentifier>
      <Extensions>rc;ico;cur;bmp;dlg;rc2;rct;bin;rgs;gif;jpg;jpeg;jpe;resx;tiff;tif;png;wav;mfcribbon-ms</Extensions>
    </Filter>
  </ItemGroup>
  <ItemGroup>
    <Text Include="LICENSE_1_0.txt" />
  </ItemGroup>
  <ItemGroup>
    <ClCompile Include="examples\msetl_example\msetl_example.cpp">
      <Filter>Source Files</Filter>
    </ClCompile>
    <ClCompile Include="examples\msetl_example\msetl_example2.cpp">
      <Filter>Source Files</Filter>
    </ClCompile>
    <ClCompile Include="examples\msetl_example\msetl_example3.cpp">
      <Filter>Source Files</Filter>
    </ClCompile>
  </ItemGroup>
  <ItemGroup>
    <ClInclude Include="examples\msetl_example\msetl_example_defs.h">
      <Filter>Header Files</Filter>
    </ClInclude>
    <ClInclude Include="examples\msetl_example\msetl_example2.h">
      <Filter>Header Files</Filter>
    </ClInclude>
    <ClInclude Include="examples\msetl_example\msetl_example3.h">
      <Filter>Header Files</Filter>
    </ClInclude>
    <ClInclude Include="examples\msetl_example\msevector_test.h">
      <Filter>Header Files</Filter>
    </ClInclude>
    <ClInclude Include="include\msealgorithm.h">
      <Filter>Header Files</Filter>
    </ClInclude>
    <ClInclude Include="include\mseany.h">
      <Filter>Header Files</Filter>
    </ClInclude>
    <ClInclude Include="include\mseasyncshared.h">
      <Filter>Header Files</Filter>
    </ClInclude>
    <ClInclude Include="include\msecregistered.h">
      <Filter>Header Files</Filter>
    </ClInclude>
    <ClInclude Include="include\msefunctional.h">
      <Filter>Header Files</Filter>
    </ClInclude>
    <ClInclude Include="include\mseivector.h">
      <Filter>Header Files</Filter>
    </ClInclude>
    <ClInclude Include="include\mselegacyhelpers.h">
      <Filter>Header Files</Filter>
    </ClInclude>
    <ClInclude Include="include\msemsearray.h">
      <Filter>Header Files</Filter>
    </ClInclude>
    <ClInclude Include="include\msemsestring.h">
      <Filter>Header Files</Filter>
    </ClInclude>
    <ClInclude Include="include\msemsevector.h">
      <Filter>Header Files</Filter>
    </ClInclude>
    <ClInclude Include="include\msemstdarray.h">
      <Filter>Header Files</Filter>
    </ClInclude>
    <ClInclude Include="include\msemstdstring.h">
      <Filter>Header Files</Filter>
    </ClInclude>
    <ClInclude Include="include\msemstdvector.h">
      <Filter>Header Files</Filter>
    </ClInclude>
    <ClInclude Include="include\msenorad.h">
      <Filter>Header Files</Filter>
    </ClInclude>
    <ClInclude Include="include\msenoradproxy.h">
      <Filter>Header Files</Filter>
    </ClInclude>
    <ClInclude Include="include\mseoptional.h">
      <Filter>Header Files</Filter>
    </ClInclude>
    <ClInclude Include="include\msepointerbasics.h">
      <Filter>Header Files</Filter>
    </ClInclude>
    <ClInclude Include="include\msepoly.h">
      <Filter>Header Files</Filter>
    </ClInclude>
    <ClInclude Include="include\mseprimitives.h">
      <Filter>Header Files</Filter>
    </ClInclude>
    <ClInclude Include="include\mserefcounting.h">
      <Filter>Header Files</Filter>
    </ClInclude>
    <ClInclude Include="include\mseregistered.h">
      <Filter>Header Files</Filter>
    </ClInclude>
    <ClInclude Include="include\mseregisteredproxy.h">
      <Filter>Header Files</Filter>
    </ClInclude>
    <ClInclude Include="include\msescope.h">
      <Filter>Header Files</Filter>
    </ClInclude>
    <ClInclude Include="include\msescopeatomic.h">
      <Filter>Header Files</Filter>
    </ClInclude>
    <ClInclude Include="include\msestaticimmutable.h">
      <Filter>Header Files</Filter>
    </ClInclude>
    <ClInclude Include="include\msethreadlocal.h">
      <Filter>Header Files</Filter>
    </ClInclude>
    <ClInclude Include="include\msetl.h">
      <Filter>Header Files</Filter>
    </ClInclude>
    <ClInclude Include="include\msetuple.h">
      <Filter>Header Files</Filter>
    </ClInclude>
    <ClInclude Include="include\msesuppresschecks.h">
      <Filter>Header Files</Filter>
    </ClInclude>
    <ClInclude Include="include\mseslta.h">
      <Filter>Header Files</Filter>
    </ClInclude>
  </ItemGroup>
</Project>